// !$*UTF8*$!
{
	archiveVersion = 1;
	classes = {
	};
	objectVersion = 46;
	objects = {

/* Begin PBXBuildFile section */
		CD16CAD21F7EF60100AD8B02 /* ErrorHandleable.swift in Sources */ = {isa = PBXBuildFile; fileRef = CD16CAD11F7EF60100AD8B02 /* ErrorHandleable.swift */; };
		CD16CAD51F7EF6BA00AD8B02 /* UIAlertController+Application.swift in Sources */ = {isa = PBXBuildFile; fileRef = CD16CAD41F7EF6BA00AD8B02 /* UIAlertController+Application.swift */; };
		CD80CA191F7F22B70096A1AC /* UITraitCollection+Application.swift in Sources */ = {isa = PBXBuildFile; fileRef = CD80CA181F7F22B70096A1AC /* UITraitCollection+Application.swift */; };
		CD80CA1B1F7F29BF0096A1AC /* VisualEffectTransition.swift in Sources */ = {isa = PBXBuildFile; fileRef = CD80CA1A1F7F29BF0096A1AC /* VisualEffectTransition.swift */; };
		CD937A1F1F7F503000F745DE /* PinkTriangleView.swift in Sources */ = {isa = PBXBuildFile; fileRef = CD937A1E1F7F503000F745DE /* PinkTriangleView.swift */; };
		CDAF1AAD1F7E957800ADB3DC /* FileStorage.swift in Sources */ = {isa = PBXBuildFile; fileRef = CDDB27D01F7DC7E80077D603 /* FileStorage.swift */; };
		CDAF1AAF1F7E985A00ADB3DC /* TravelAdvisoryViewModel.swift in Sources */ = {isa = PBXBuildFile; fileRef = CDAF1AAE1F7E985A00ADB3DC /* TravelAdvisoryViewModel.swift */; };
		CDAF1AB41F7EDD3A00ADB3DC /* AdvisoryTableViewCell.swift in Sources */ = {isa = PBXBuildFile; fileRef = CDAF1AB21F7EDD3A00ADB3DC /* AdvisoryTableViewCell.swift */; };
		CDAF1AB51F7EDD3A00ADB3DC /* AdvisoryTableViewCell.xib in Resources */ = {isa = PBXBuildFile; fileRef = CDAF1AB31F7EDD3A00ADB3DC /* AdvisoryTableViewCell.xib */; };
		CDAF1AB81F7EE69F00ADB3DC /* Country.swift in Sources */ = {isa = PBXBuildFile; fileRef = CDAF1AB71F7EE69F00ADB3DC /* Country.swift */; };
		CDBC4E651F7DA170001BB077 /* UIColor+Application.swift in Sources */ = {isa = PBXBuildFile; fileRef = CDBC4E641F7DA170001BB077 /* UIColor+Application.swift */; };
		CDBC4E681F7DA58F001BB077 /* TripsTableViewController.swift in Sources */ = {isa = PBXBuildFile; fileRef = CDBC4E671F7DA58F001BB077 /* TripsTableViewController.swift */; };
		CDBC4E6B1F7DA8C0001BB077 /* UITabBarController+StatusBar.swift in Sources */ = {isa = PBXBuildFile; fileRef = CDBC4E6A1F7DA8C0001BB077 /* UITabBarController+StatusBar.swift */; };
		CDBC4E6D1F7DACEB001BB077 /* AdvisoriesTableViewController.swift in Sources */ = {isa = PBXBuildFile; fileRef = CDBC4E6C1F7DACEB001BB077 /* AdvisoriesTableViewController.swift */; };
		CDBC4E6F1F7DAFCA001BB077 /* Notifications+Application.swift in Sources */ = {isa = PBXBuildFile; fileRef = CDBC4E6E1F7DAFCA001BB077 /* Notifications+Application.swift */; };
		CDD014031F7C7D1200DD1940 /* AppDelegate.swift in Sources */ = {isa = PBXBuildFile; fileRef = CDD014021F7C7D1200DD1940 /* AppDelegate.swift */; };
		CDD0140A1F7C7D1200DD1940 /* Main.storyboard in Resources */ = {isa = PBXBuildFile; fileRef = CDD014081F7C7D1200DD1940 /* Main.storyboard */; };
		CDD0140C1F7C7D1200DD1940 /* Assets.xcassets in Resources */ = {isa = PBXBuildFile; fileRef = CDD0140B1F7C7D1200DD1940 /* Assets.xcassets */; };
		CDD0140F1F7C7D1200DD1940 /* LaunchScreen.storyboard in Resources */ = {isa = PBXBuildFile; fileRef = CDD0140D1F7C7D1200DD1940 /* LaunchScreen.storyboard */; };
		CDD0141A1F7C7D1200DD1940 /* Gay_Travel_AdvisoriesTests.swift in Sources */ = {isa = PBXBuildFile; fileRef = CDD014191F7C7D1200DD1940 /* Gay_Travel_AdvisoriesTests.swift */; };
		CDD014251F7C7FF900DD1940 /* NetworkActivityIndicatorManager.swift in Sources */ = {isa = PBXBuildFile; fileRef = CDD014241F7C7FF900DD1940 /* NetworkActivityIndicatorManager.swift */; };
		CDD014271F7C818600DD1940 /* Webservice.swift in Sources */ = {isa = PBXBuildFile; fileRef = CDD014261F7C818600DD1940 /* Webservice.swift */; };
		CDD014291F7C848E00DD1940 /* CountriesManager.swift in Sources */ = {isa = PBXBuildFile; fileRef = CDD014281F7C848E00DD1940 /* CountriesManager.swift */; };
		CDD0142B1F7C84F600DD1940 /* Region.swift in Sources */ = {isa = PBXBuildFile; fileRef = CDD0142A1F7C84F600DD1940 /* Region.swift */; };
		CDD0142D1F7C861000DD1940 /* Result.swift in Sources */ = {isa = PBXBuildFile; fileRef = CDD0142C1F7C861000DD1940 /* Result.swift */; };
		CDD014301F7C8C8D00DD1940 /* Result.swift in Sources */ = {isa = PBXBuildFile; fileRef = CDD0142C1F7C861000DD1940 /* Result.swift */; };
		CDD014311F7C8C9000DD1940 /* Region.swift in Sources */ = {isa = PBXBuildFile; fileRef = CDD0142A1F7C84F600DD1940 /* Region.swift */; };
		CDD014321F7C8C9300DD1940 /* CountriesManager.swift in Sources */ = {isa = PBXBuildFile; fileRef = CDD014281F7C848E00DD1940 /* CountriesManager.swift */; };
		CDD014331F7C8C9700DD1940 /* Webservice.swift in Sources */ = {isa = PBXBuildFile; fileRef = CDD014261F7C818600DD1940 /* Webservice.swift */; };
		CDD014341F7C8C9B00DD1940 /* NetworkActivityIndicatorManager.swift in Sources */ = {isa = PBXBuildFile; fileRef = CDD014241F7C7FF900DD1940 /* NetworkActivityIndicatorManager.swift */; };
		CDD014361F7C8CD000DD1940 /* CountriesManager+TestData.swift in Sources */ = {isa = PBXBuildFile; fileRef = CDD014351F7C8CD000DD1940 /* CountriesManager+TestData.swift */; };
		CDD014381F7C8E0100DD1940 /* CountriesTestData.json in Resources */ = {isa = PBXBuildFile; fileRef = CDD014371F7C8E0100DD1940 /* CountriesTestData.json */; };
		CDD0143D1F7C917F00DD1940 /* TravelAdvisory.swift in Sources */ = {isa = PBXBuildFile; fileRef = CDD0143C1F7C917F00DD1940 /* TravelAdvisory.swift */; };
		CDD0143F1F7CA5A300DD1940 /* TravelAdvisoryClient.swift in Sources */ = {isa = PBXBuildFile; fileRef = CDD0143E1F7CA5A300DD1940 /* TravelAdvisoryClient.swift */; };
		CDD014411F7CAA2000DD1940 /* TravelAdvisoryTestData.json in Resources */ = {isa = PBXBuildFile; fileRef = CDD014401F7CAA2000DD1940 /* TravelAdvisoryTestData.json */; };
		CDD014421F7CAA2700DD1940 /* TravelAdvisory.swift in Sources */ = {isa = PBXBuildFile; fileRef = CDD0143C1F7C917F00DD1940 /* TravelAdvisory.swift */; };
		CDD014431F7CAA2B00DD1940 /* TravelAdvisoryClient.swift in Sources */ = {isa = PBXBuildFile; fileRef = CDD0143E1F7CA5A300DD1940 /* TravelAdvisoryClient.swift */; };
		CDD014451F7CAA4C00DD1940 /* TravelAdvisory+TestData.swift in Sources */ = {isa = PBXBuildFile; fileRef = CDD014441F7CAA4C00DD1940 /* TravelAdvisory+TestData.swift */; };
		CDD54D611F7E648000D39D33 /* CountryPickerViewController.swift in Sources */ = {isa = PBXBuildFile; fileRef = CDD54D5F1F7E648000D39D33 /* CountryPickerViewController.swift */; };
		CDD54D621F7E648000D39D33 /* CountryPickerViewController.xib in Resources */ = {isa = PBXBuildFile; fileRef = CDD54D601F7E648000D39D33 /* CountryPickerViewController.xib */; };
		CDD54D651F7E6D3E00D39D33 /* AdvisoryDetailViewController.swift in Sources */ = {isa = PBXBuildFile; fileRef = CDD54D631F7E6D3E00D39D33 /* AdvisoryDetailViewController.swift */; };
		CDD54D661F7E6D3E00D39D33 /* AdvisoryDetailViewController.xib in Resources */ = {isa = PBXBuildFile; fileRef = CDD54D641F7E6D3E00D39D33 /* AdvisoryDetailViewController.xib */; };
		CDD54D691F7E709500D39D33 /* ImageClient.swift in Sources */ = {isa = PBXBuildFile; fileRef = CDD54D681F7E709500D39D33 /* ImageClient.swift */; };
		CDD54D6B1F7E769E00D39D33 /* MapSnapshotClient.swift in Sources */ = {isa = PBXBuildFile; fileRef = CDD54D6A1F7E769D00D39D33 /* MapSnapshotClient.swift */; };
		CDDB27D11F7DC7E80077D603 /* FileStorage.swift in Sources */ = {isa = PBXBuildFile; fileRef = CDDB27D01F7DC7E80077D603 /* FileStorage.swift */; };
		CDDB27D31F7DC82B0077D603 /* Trip.swift in Sources */ = {isa = PBXBuildFile; fileRef = CDDB27D21F7DC82B0077D603 /* Trip.swift */; };
		CDDB27D51F7DCAC50077D603 /* TripManager.swift in Sources */ = {isa = PBXBuildFile; fileRef = CDDB27D41F7DCAC50077D603 /* TripManager.swift */; };
		CDDB27D71F7DD07D0077D603 /* UIFont+Application.swift in Sources */ = {isa = PBXBuildFile; fileRef = CDDB27D61F7DD07D0077D603 /* UIFont+Application.swift */; };
		CDDB27D91F7DD2A80077D603 /* TripTableViewCell.swift in Sources */ = {isa = PBXBuildFile; fileRef = CDDB27D81F7DD2A80077D603 /* TripTableViewCell.swift */; };
		CDDB27DA1F7DD2F40077D603 /* Notifications+Application.swift in Sources */ = {isa = PBXBuildFile; fileRef = CDBC4E6E1F7DAFCA001BB077 /* Notifications+Application.swift */; };
		CDDB27DE1F7DD9490077D603 /* AddTripViewController.swift in Sources */ = {isa = PBXBuildFile; fileRef = CDDB27DC1F7DD9490077D603 /* AddTripViewController.swift */; };
		CDDB27DF1F7DD9490077D603 /* AddTripViewController.xib in Resources */ = {isa = PBXBuildFile; fileRef = CDDB27DD1F7DD9490077D603 /* AddTripViewController.xib */; };
		CDDB27E11F7DDF860077D603 /* UITableView+Animations.swift in Sources */ = {isa = PBXBuildFile; fileRef = CDDB27E01F7DDF860077D603 /* UITableView+Animations.swift */; };
		CDDB27E51F7DE5D50077D603 /* DatePickerViewController.swift in Sources */ = {isa = PBXBuildFile; fileRef = CDDB27E31F7DE5D50077D603 /* DatePickerViewController.swift */; };
		CDDB27E61F7DE5D50077D603 /* DatePickerViewController.xib in Resources */ = {isa = PBXBuildFile; fileRef = CDDB27E41F7DE5D50077D603 /* DatePickerViewController.xib */; };
		CDDB27E81F7DF5100077D603 /* UIView+Application.swift in Sources */ = {isa = PBXBuildFile; fileRef = CDDB27E71F7DF5100077D603 /* UIView+Application.swift */; };
		CDDB27EF1F7DFC160077D603 /* CountryPickerTableViewCell.swift in Sources */ = {isa = PBXBuildFile; fileRef = CDDB27ED1F7DFC160077D603 /* CountryPickerTableViewCell.swift */; };
		CDDB27F01F7DFC160077D603 /* CountryPickerTableViewCell.xib in Resources */ = {isa = PBXBuildFile; fileRef = CDDB27EE1F7DFC160077D603 /* CountryPickerTableViewCell.xib */; };
		CDE271EA1F7EF890001715C8 /* AdvisoryDetailEmptyViewController.swift in Sources */ = {isa = PBXBuildFile; fileRef = CDE271E91F7EF890001715C8 /* AdvisoryDetailEmptyViewController.swift */; };
/* End PBXBuildFile section */

/* Begin PBXContainerItemProxy section */
		CDD014161F7C7D1200DD1940 /* PBXContainerItemProxy */ = {
			isa = PBXContainerItemProxy;
			containerPortal = CDD013F71F7C7D1200DD1940 /* Project object */;
			proxyType = 1;
			remoteGlobalIDString = CDD013FE1F7C7D1200DD1940;
			remoteInfo = "Gay Travel Advisories";
		};
/* End PBXContainerItemProxy section */

/* Begin PBXFileReference section */
		CD16CAD11F7EF60100AD8B02 /* ErrorHandleable.swift */ = {isa = PBXFileReference; lastKnownFileType = sourcecode.swift; path = ErrorHandleable.swift; sourceTree = "<group>"; };
		CD16CAD41F7EF6BA00AD8B02 /* UIAlertController+Application.swift */ = {isa = PBXFileReference; lastKnownFileType = sourcecode.swift; path = "UIAlertController+Application.swift"; sourceTree = "<group>"; };
		CD80CA181F7F22B70096A1AC /* UITraitCollection+Application.swift */ = {isa = PBXFileReference; lastKnownFileType = sourcecode.swift; path = "UITraitCollection+Application.swift"; sourceTree = "<group>"; };
		CD80CA1A1F7F29BF0096A1AC /* VisualEffectTransition.swift */ = {isa = PBXFileReference; lastKnownFileType = sourcecode.swift; path = VisualEffectTransition.swift; sourceTree = "<group>"; };
		CD937A1E1F7F503000F745DE /* PinkTriangleView.swift */ = {isa = PBXFileReference; lastKnownFileType = sourcecode.swift; path = PinkTriangleView.swift; sourceTree = "<group>"; };
		CDAF1AAE1F7E985A00ADB3DC /* TravelAdvisoryViewModel.swift */ = {isa = PBXFileReference; lastKnownFileType = sourcecode.swift; path = TravelAdvisoryViewModel.swift; sourceTree = "<group>"; };
		CDAF1AB21F7EDD3A00ADB3DC /* AdvisoryTableViewCell.swift */ = {isa = PBXFileReference; lastKnownFileType = sourcecode.swift; path = AdvisoryTableViewCell.swift; sourceTree = "<group>"; };
		CDAF1AB31F7EDD3A00ADB3DC /* AdvisoryTableViewCell.xib */ = {isa = PBXFileReference; lastKnownFileType = file.xib; path = AdvisoryTableViewCell.xib; sourceTree = "<group>"; };
		CDAF1AB71F7EE69F00ADB3DC /* Country.swift */ = {isa = PBXFileReference; lastKnownFileType = sourcecode.swift; path = Country.swift; sourceTree = "<group>"; };
		CDBC4E641F7DA170001BB077 /* UIColor+Application.swift */ = {isa = PBXFileReference; lastKnownFileType = sourcecode.swift; path = "UIColor+Application.swift"; sourceTree = "<group>"; };
		CDBC4E671F7DA58F001BB077 /* TripsTableViewController.swift */ = {isa = PBXFileReference; lastKnownFileType = sourcecode.swift; path = TripsTableViewController.swift; sourceTree = "<group>"; };
		CDBC4E6A1F7DA8C0001BB077 /* UITabBarController+StatusBar.swift */ = {isa = PBXFileReference; lastKnownFileType = sourcecode.swift; path = "UITabBarController+StatusBar.swift"; sourceTree = "<group>"; };
		CDBC4E6C1F7DACEB001BB077 /* AdvisoriesTableViewController.swift */ = {isa = PBXFileReference; lastKnownFileType = sourcecode.swift; path = AdvisoriesTableViewController.swift; sourceTree = "<group>"; };
		CDBC4E6E1F7DAFCA001BB077 /* Notifications+Application.swift */ = {isa = PBXFileReference; lastKnownFileType = sourcecode.swift; path = "Notifications+Application.swift"; sourceTree = "<group>"; };
		CDD013FF1F7C7D1200DD1940 /* Gay Travel Advisories.app */ = {isa = PBXFileReference; explicitFileType = wrapper.application; includeInIndex = 0; path = "Gay Travel Advisories.app"; sourceTree = BUILT_PRODUCTS_DIR; };
		CDD014021F7C7D1200DD1940 /* AppDelegate.swift */ = {isa = PBXFileReference; lastKnownFileType = sourcecode.swift; path = AppDelegate.swift; sourceTree = "<group>"; };
		CDD014091F7C7D1200DD1940 /* Base */ = {isa = PBXFileReference; lastKnownFileType = file.storyboard; name = Base; path = Base.lproj/Main.storyboard; sourceTree = "<group>"; };
		CDD0140B1F7C7D1200DD1940 /* Assets.xcassets */ = {isa = PBXFileReference; lastKnownFileType = folder.assetcatalog; path = Assets.xcassets; sourceTree = "<group>"; };
		CDD0140E1F7C7D1200DD1940 /* Base */ = {isa = PBXFileReference; lastKnownFileType = file.storyboard; name = Base; path = Base.lproj/LaunchScreen.storyboard; sourceTree = "<group>"; };
		CDD014101F7C7D1200DD1940 /* Info.plist */ = {isa = PBXFileReference; lastKnownFileType = text.plist.xml; path = Info.plist; sourceTree = "<group>"; };
		CDD014151F7C7D1200DD1940 /* Gay Travel AdvisoriesTests.xctest */ = {isa = PBXFileReference; explicitFileType = wrapper.cfbundle; includeInIndex = 0; path = "Gay Travel AdvisoriesTests.xctest"; sourceTree = BUILT_PRODUCTS_DIR; };
		CDD014191F7C7D1200DD1940 /* Gay_Travel_AdvisoriesTests.swift */ = {isa = PBXFileReference; lastKnownFileType = sourcecode.swift; path = Gay_Travel_AdvisoriesTests.swift; sourceTree = "<group>"; };
		CDD0141B1F7C7D1200DD1940 /* Info.plist */ = {isa = PBXFileReference; lastKnownFileType = text.plist.xml; path = Info.plist; sourceTree = "<group>"; };
		CDD014241F7C7FF900DD1940 /* NetworkActivityIndicatorManager.swift */ = {isa = PBXFileReference; fileEncoding = 4; lastKnownFileType = sourcecode.swift; path = NetworkActivityIndicatorManager.swift; sourceTree = "<group>"; };
		CDD014261F7C818600DD1940 /* Webservice.swift */ = {isa = PBXFileReference; fileEncoding = 4; lastKnownFileType = sourcecode.swift; path = Webservice.swift; sourceTree = "<group>"; };
		CDD014281F7C848E00DD1940 /* CountriesManager.swift */ = {isa = PBXFileReference; fileEncoding = 4; lastKnownFileType = sourcecode.swift; path = CountriesManager.swift; sourceTree = "<group>"; };
		CDD0142A1F7C84F600DD1940 /* Region.swift */ = {isa = PBXFileReference; fileEncoding = 4; lastKnownFileType = sourcecode.swift; path = Region.swift; sourceTree = "<group>"; };
		CDD0142C1F7C861000DD1940 /* Result.swift */ = {isa = PBXFileReference; fileEncoding = 4; lastKnownFileType = sourcecode.swift; path = Result.swift; sourceTree = "<group>"; };
		CDD014351F7C8CD000DD1940 /* CountriesManager+TestData.swift */ = {isa = PBXFileReference; fileEncoding = 4; lastKnownFileType = sourcecode.swift; path = "CountriesManager+TestData.swift"; sourceTree = "<group>"; };
		CDD014371F7C8E0100DD1940 /* CountriesTestData.json */ = {isa = PBXFileReference; fileEncoding = 4; lastKnownFileType = text.json; path = CountriesTestData.json; sourceTree = "<group>"; };
		CDD0143C1F7C917F00DD1940 /* TravelAdvisory.swift */ = {isa = PBXFileReference; fileEncoding = 4; lastKnownFileType = sourcecode.swift; path = TravelAdvisory.swift; sourceTree = "<group>"; };
		CDD0143E1F7CA5A300DD1940 /* TravelAdvisoryClient.swift */ = {isa = PBXFileReference; fileEncoding = 4; lastKnownFileType = sourcecode.swift; path = TravelAdvisoryClient.swift; sourceTree = "<group>"; };
		CDD014401F7CAA2000DD1940 /* TravelAdvisoryTestData.json */ = {isa = PBXFileReference; fileEncoding = 4; lastKnownFileType = text.json; path = TravelAdvisoryTestData.json; sourceTree = "<group>"; };
		CDD014441F7CAA4C00DD1940 /* TravelAdvisory+TestData.swift */ = {isa = PBXFileReference; fileEncoding = 4; lastKnownFileType = sourcecode.swift; path = "TravelAdvisory+TestData.swift"; sourceTree = "<group>"; };
		CDD54D5F1F7E648000D39D33 /* CountryPickerViewController.swift */ = {isa = PBXFileReference; lastKnownFileType = sourcecode.swift; path = CountryPickerViewController.swift; sourceTree = "<group>"; };
		CDD54D601F7E648000D39D33 /* CountryPickerViewController.xib */ = {isa = PBXFileReference; lastKnownFileType = file.xib; path = CountryPickerViewController.xib; sourceTree = "<group>"; };
		CDD54D631F7E6D3E00D39D33 /* AdvisoryDetailViewController.swift */ = {isa = PBXFileReference; lastKnownFileType = sourcecode.swift; path = AdvisoryDetailViewController.swift; sourceTree = "<group>"; };
		CDD54D641F7E6D3E00D39D33 /* AdvisoryDetailViewController.xib */ = {isa = PBXFileReference; lastKnownFileType = file.xib; path = AdvisoryDetailViewController.xib; sourceTree = "<group>"; };
		CDD54D681F7E709500D39D33 /* ImageClient.swift */ = {isa = PBXFileReference; lastKnownFileType = sourcecode.swift; path = ImageClient.swift; sourceTree = "<group>"; };
		CDD54D6A1F7E769D00D39D33 /* MapSnapshotClient.swift */ = {isa = PBXFileReference; lastKnownFileType = sourcecode.swift; path = MapSnapshotClient.swift; sourceTree = "<group>"; };
		CDDB27D01F7DC7E80077D603 /* FileStorage.swift */ = {isa = PBXFileReference; lastKnownFileType = sourcecode.swift; path = FileStorage.swift; sourceTree = "<group>"; };
		CDDB27D21F7DC82B0077D603 /* Trip.swift */ = {isa = PBXFileReference; lastKnownFileType = sourcecode.swift; path = Trip.swift; sourceTree = "<group>"; };
		CDDB27D41F7DCAC50077D603 /* TripManager.swift */ = {isa = PBXFileReference; lastKnownFileType = sourcecode.swift; path = TripManager.swift; sourceTree = "<group>"; };
		CDDB27D61F7DD07D0077D603 /* UIFont+Application.swift */ = {isa = PBXFileReference; lastKnownFileType = sourcecode.swift; path = "UIFont+Application.swift"; sourceTree = "<group>"; };
		CDDB27D81F7DD2A80077D603 /* TripTableViewCell.swift */ = {isa = PBXFileReference; lastKnownFileType = sourcecode.swift; path = TripTableViewCell.swift; sourceTree = "<group>"; };
		CDDB27DC1F7DD9490077D603 /* AddTripViewController.swift */ = {isa = PBXFileReference; lastKnownFileType = sourcecode.swift; path = AddTripViewController.swift; sourceTree = "<group>"; };
		CDDB27DD1F7DD9490077D603 /* AddTripViewController.xib */ = {isa = PBXFileReference; lastKnownFileType = file.xib; path = AddTripViewController.xib; sourceTree = "<group>"; };
		CDDB27E01F7DDF860077D603 /* UITableView+Animations.swift */ = {isa = PBXFileReference; lastKnownFileType = sourcecode.swift; path = "UITableView+Animations.swift"; sourceTree = "<group>"; };
		CDDB27E31F7DE5D50077D603 /* DatePickerViewController.swift */ = {isa = PBXFileReference; lastKnownFileType = sourcecode.swift; path = DatePickerViewController.swift; sourceTree = "<group>"; };
		CDDB27E41F7DE5D50077D603 /* DatePickerViewController.xib */ = {isa = PBXFileReference; lastKnownFileType = file.xib; path = DatePickerViewController.xib; sourceTree = "<group>"; };
		CDDB27E71F7DF5100077D603 /* UIView+Application.swift */ = {isa = PBXFileReference; lastKnownFileType = sourcecode.swift; path = "UIView+Application.swift"; sourceTree = "<group>"; };
		CDDB27ED1F7DFC160077D603 /* CountryPickerTableViewCell.swift */ = {isa = PBXFileReference; lastKnownFileType = sourcecode.swift; path = CountryPickerTableViewCell.swift; sourceTree = "<group>"; };
		CDDB27EE1F7DFC160077D603 /* CountryPickerTableViewCell.xib */ = {isa = PBXFileReference; lastKnownFileType = file.xib; path = CountryPickerTableViewCell.xib; sourceTree = "<group>"; };
		CDE271E91F7EF890001715C8 /* AdvisoryDetailEmptyViewController.swift */ = {isa = PBXFileReference; lastKnownFileType = sourcecode.swift; path = AdvisoryDetailEmptyViewController.swift; sourceTree = "<group>"; };
/* End PBXFileReference section */

/* Begin PBXFrameworksBuildPhase section */
		CDD013FC1F7C7D1200DD1940 /* Frameworks */ = {
			isa = PBXFrameworksBuildPhase;
			buildActionMask = 2147483647;
			files = (
			);
			runOnlyForDeploymentPostprocessing = 0;
		};
		CDD014121F7C7D1200DD1940 /* Frameworks */ = {
			isa = PBXFrameworksBuildPhase;
			buildActionMask = 2147483647;
			files = (
			);
			runOnlyForDeploymentPostprocessing = 0;
		};
/* End PBXFrameworksBuildPhase section */

/* Begin PBXGroup section */
		CD16CAD31F7EF64500AD8B02 /* Protocols */ = {
			isa = PBXGroup;
			children = (
				CD16CAD11F7EF60100AD8B02 /* ErrorHandleable.swift */,
			);
			name = Protocols;
			sourceTree = "<group>";
		};
		CD80CA1C1F7F2C7D0096A1AC /* Animation Controllers */ = {
			isa = PBXGroup;
			children = (
				CD80CA1A1F7F29BF0096A1AC /* VisualEffectTransition.swift */,
			);
			name = "Animation Controllers";
			sourceTree = "<group>";
		};
		CD937A201F7F512200F745DE /* Views */ = {
			isa = PBXGroup;
			children = (
				CD937A1E1F7F503000F745DE /* PinkTriangleView.swift */,
			);
			name = Views;
			sourceTree = "<group>";
		};
		CDAF1AB61F7EDDB500ADB3DC /* AdvisoryDetailCells */ = {
			isa = PBXGroup;
			children = (
				CDAF1AB21F7EDD3A00ADB3DC /* AdvisoryTableViewCell.swift */,
				CDAF1AB31F7EDD3A00ADB3DC /* AdvisoryTableViewCell.xib */,
			);
			name = AdvisoryDetailCells;
			sourceTree = "<group>";
		};
		CDBC4E661F7DA552001BB077 /* Extensions */ = {
			isa = PBXGroup;
			children = (
				CDBC4E641F7DA170001BB077 /* UIColor+Application.swift */,
				CDDB27D61F7DD07D0077D603 /* UIFont+Application.swift */,
				CDBC4E6A1F7DA8C0001BB077 /* UITabBarController+StatusBar.swift */,
				CDBC4E6E1F7DAFCA001BB077 /* Notifications+Application.swift */,
				CDDB27E01F7DDF860077D603 /* UITableView+Animations.swift */,
				CDDB27E71F7DF5100077D603 /* UIView+Application.swift */,
				CD16CAD41F7EF6BA00AD8B02 /* UIAlertController+Application.swift */,
				CD80CA181F7F22B70096A1AC /* UITraitCollection+Application.swift */,
			);
			name = Extensions;
			sourceTree = "<group>";
		};
		CDBC4E691F7DA59A001BB077 /* Controllers */ = {
			isa = PBXGroup;
			children = (
				CD80CA1C1F7F2C7D0096A1AC /* Animation Controllers */,
				CDBC4E671F7DA58F001BB077 /* TripsTableViewController.swift */,
				CDDB27DB1F7DD5640077D603 /* TripTableViewCells */,
				CDBC4E6C1F7DACEB001BB077 /* AdvisoriesTableViewController.swift */,
				CDD54D671F7E6D4F00D39D33 /* Advisory Detail */,
				CDDB27E21F7DE5A90077D603 /* Trip Modals */,
			);
			name = Controllers;
			sourceTree = "<group>";
		};
		CDD013F61F7C7D1200DD1940 = {
			isa = PBXGroup;
			children = (
				CDD014011F7C7D1200DD1940 /* Gay Travel Advisories */,
				CDD014181F7C7D1200DD1940 /* Gay Travel AdvisoriesTests */,
				CDD014001F7C7D1200DD1940 /* Products */,
			);
			sourceTree = "<group>";
		};
		CDD014001F7C7D1200DD1940 /* Products */ = {
			isa = PBXGroup;
			children = (
				CDD013FF1F7C7D1200DD1940 /* Gay Travel Advisories.app */,
				CDD014151F7C7D1200DD1940 /* Gay Travel AdvisoriesTests.xctest */,
			);
			name = Products;
			sourceTree = "<group>";
		};
		CDD014011F7C7D1200DD1940 /* Gay Travel Advisories */ = {
			isa = PBXGroup;
			children = (
				CDD014021F7C7D1200DD1940 /* AppDelegate.swift */,
				CDBC4E691F7DA59A001BB077 /* Controllers */,
				CDD0143B1F7C911600DD1940 /* Model */,
				CD937A201F7F512200F745DE /* Views */,
				CDD014391F7C90FD00DD1940 /* Networking */,
				CDD0143A1F7C910900DD1940 /* Managers */,
				CD16CAD31F7EF64500AD8B02 /* Protocols */,
				CDBC4E661F7DA552001BB077 /* Extensions */,
				CDD014081F7C7D1200DD1940 /* Main.storyboard */,
				CDD0140B1F7C7D1200DD1940 /* Assets.xcassets */,
				CDD0140D1F7C7D1200DD1940 /* LaunchScreen.storyboard */,
				CDD014101F7C7D1200DD1940 /* Info.plist */,
			);
			path = "Gay Travel Advisories";
			sourceTree = "<group>";
		};
		CDD014181F7C7D1200DD1940 /* Gay Travel AdvisoriesTests */ = {
			isa = PBXGroup;
			children = (
				CDD014191F7C7D1200DD1940 /* Gay_Travel_AdvisoriesTests.swift */,
				CDD014351F7C8CD000DD1940 /* CountriesManager+TestData.swift */,
				CDD014441F7CAA4C00DD1940 /* TravelAdvisory+TestData.swift */,
				CDD014371F7C8E0100DD1940 /* CountriesTestData.json */,
				CDD014401F7CAA2000DD1940 /* TravelAdvisoryTestData.json */,
				CDD0141B1F7C7D1200DD1940 /* Info.plist */,
			);
			path = "Gay Travel AdvisoriesTests";
			sourceTree = "<group>";
		};
		CDD014391F7C90FD00DD1940 /* Networking */ = {
			isa = PBXGroup;
			children = (
				CDD014241F7C7FF900DD1940 /* NetworkActivityIndicatorManager.swift */,
				CDD014261F7C818600DD1940 /* Webservice.swift */,
				CDD0142C1F7C861000DD1940 /* Result.swift */,
				CDD0143E1F7CA5A300DD1940 /* TravelAdvisoryClient.swift */,
				CDD54D681F7E709500D39D33 /* ImageClient.swift */,
				CDD54D6A1F7E769D00D39D33 /* MapSnapshotClient.swift */,
			);
			name = Networking;
			sourceTree = "<group>";
		};
		CDD0143A1F7C910900DD1940 /* Managers */ = {
			isa = PBXGroup;
			children = (
				CDD014281F7C848E00DD1940 /* CountriesManager.swift */,
				CDDB27D41F7DCAC50077D603 /* TripManager.swift */,
				CDDB27D01F7DC7E80077D603 /* FileStorage.swift */,
			);
			name = Managers;
			sourceTree = "<group>";
		};
		CDD0143B1F7C911600DD1940 /* Model */ = {
			isa = PBXGroup;
			children = (
				CDD0142A1F7C84F600DD1940 /* Region.swift */,
				CDAF1AB71F7EE69F00ADB3DC /* Country.swift */,
				CDDB27D21F7DC82B0077D603 /* Trip.swift */,
				CDD0143C1F7C917F00DD1940 /* TravelAdvisory.swift */,
				CDAF1AAE1F7E985A00ADB3DC /* TravelAdvisoryViewModel.swift */,
			);
			name = Model;
			sourceTree = "<group>";
		};
		CDD54D671F7E6D4F00D39D33 /* Advisory Detail */ = {
			isa = PBXGroup;
			children = (
				CDD54D631F7E6D3E00D39D33 /* AdvisoryDetailViewController.swift */,
				CDD54D641F7E6D3E00D39D33 /* AdvisoryDetailViewController.xib */,
				CDE271E91F7EF890001715C8 /* AdvisoryDetailEmptyViewController.swift */,
				CDAF1AB61F7EDDB500ADB3DC /* AdvisoryDetailCells */,
			);
			name = "Advisory Detail";
			sourceTree = "<group>";
		};
		CDDB27DB1F7DD5640077D603 /* TripTableViewCells */ = {
			isa = PBXGroup;
			children = (
				CDDB27D81F7DD2A80077D603 /* TripTableViewCell.swift */,
			);
			name = TripTableViewCells;
			sourceTree = "<group>";
		};
		CDDB27E21F7DE5A90077D603 /* Trip Modals */ = {
			isa = PBXGroup;
			children = (
				CDDB27DC1F7DD9490077D603 /* AddTripViewController.swift */,
				CDDB27DD1F7DD9490077D603 /* AddTripViewController.xib */,
				CDDB27E31F7DE5D50077D603 /* DatePickerViewController.swift */,
				CDDB27E41F7DE5D50077D603 /* DatePickerViewController.xib */,
				CDD54D5F1F7E648000D39D33 /* CountryPickerViewController.swift */,
				CDD54D601F7E648000D39D33 /* CountryPickerViewController.xib */,
				CDDB27F11F7DFD040077D603 /* CountryPickerTableViewCells */,
			);
			name = "Trip Modals";
			sourceTree = "<group>";
		};
		CDDB27F11F7DFD040077D603 /* CountryPickerTableViewCells */ = {
			isa = PBXGroup;
			children = (
				CDDB27ED1F7DFC160077D603 /* CountryPickerTableViewCell.swift */,
				CDDB27EE1F7DFC160077D603 /* CountryPickerTableViewCell.xib */,
			);
			name = CountryPickerTableViewCells;
			sourceTree = "<group>";
		};
/* End PBXGroup section */

/* Begin PBXNativeTarget section */
		CDD013FE1F7C7D1200DD1940 /* Gay Travel Advisories */ = {
			isa = PBXNativeTarget;
			buildConfigurationList = CDD0141E1F7C7D1200DD1940 /* Build configuration list for PBXNativeTarget "Gay Travel Advisories" */;
			buildPhases = (
				CDD013FB1F7C7D1200DD1940 /* Sources */,
				CDD013FC1F7C7D1200DD1940 /* Frameworks */,
				CDD013FD1F7C7D1200DD1940 /* Resources */,
			);
			buildRules = (
			);
			dependencies = (
			);
			name = "Gay Travel Advisories";
			productName = "Gay Travel Advisories";
			productReference = CDD013FF1F7C7D1200DD1940 /* Gay Travel Advisories.app */;
			productType = "com.apple.product-type.application";
		};
		CDD014141F7C7D1200DD1940 /* Gay Travel AdvisoriesTests */ = {
			isa = PBXNativeTarget;
			buildConfigurationList = CDD014211F7C7D1200DD1940 /* Build configuration list for PBXNativeTarget "Gay Travel AdvisoriesTests" */;
			buildPhases = (
				CDD014111F7C7D1200DD1940 /* Sources */,
				CDD014121F7C7D1200DD1940 /* Frameworks */,
				CDD014131F7C7D1200DD1940 /* Resources */,
			);
			buildRules = (
			);
			dependencies = (
				CDD014171F7C7D1200DD1940 /* PBXTargetDependency */,
			);
			name = "Gay Travel AdvisoriesTests";
			productName = "Gay Travel AdvisoriesTests";
			productReference = CDD014151F7C7D1200DD1940 /* Gay Travel AdvisoriesTests.xctest */;
			productType = "com.apple.product-type.bundle.unit-test";
		};
/* End PBXNativeTarget section */

/* Begin PBXProject section */
		CDD013F71F7C7D1200DD1940 /* Project object */ = {
			isa = PBXProject;
			attributes = {
				LastSwiftUpdateCheck = 0830;
				LastUpgradeCheck = 0900;
				ORGANIZATIONNAME = "Brad G.";
				TargetAttributes = {
					CDD013FE1F7C7D1200DD1940 = {
						CreatedOnToolsVersion = 8.3.3;
						DevelopmentTeam = 8DDUQH2RUD;
						LastSwiftMigration = 0900;
						ProvisioningStyle = Automatic;
					};
					CDD014141F7C7D1200DD1940 = {
						CreatedOnToolsVersion = 8.3.3;
						DevelopmentTeam = 8DDUQH2RUD;
						LastSwiftMigration = 0900;
						ProvisioningStyle = Automatic;
						TestTargetID = CDD013FE1F7C7D1200DD1940;
					};
				};
			};
			buildConfigurationList = CDD013FA1F7C7D1200DD1940 /* Build configuration list for PBXProject "Gay Travel Advisories" */;
			compatibilityVersion = "Xcode 3.2";
			developmentRegion = English;
			hasScannedForEncodings = 0;
			knownRegions = (
				en,
				Base,
			);
			mainGroup = CDD013F61F7C7D1200DD1940;
			productRefGroup = CDD014001F7C7D1200DD1940 /* Products */;
			projectDirPath = "";
			projectRoot = "";
			targets = (
				CDD013FE1F7C7D1200DD1940 /* Gay Travel Advisories */,
				CDD014141F7C7D1200DD1940 /* Gay Travel AdvisoriesTests */,
			);
		};
/* End PBXProject section */

/* Begin PBXResourcesBuildPhase section */
		CDD013FD1F7C7D1200DD1940 /* Resources */ = {
			isa = PBXResourcesBuildPhase;
			buildActionMask = 2147483647;
			files = (
				CDD54D661F7E6D3E00D39D33 /* AdvisoryDetailViewController.xib in Resources */,
				CDD54D621F7E648000D39D33 /* CountryPickerViewController.xib in Resources */,
				CDD0140F1F7C7D1200DD1940 /* LaunchScreen.storyboard in Resources */,
				CDAF1AB51F7EDD3A00ADB3DC /* AdvisoryTableViewCell.xib in Resources */,
				CDDB27E61F7DE5D50077D603 /* DatePickerViewController.xib in Resources */,
				CDDB27DF1F7DD9490077D603 /* AddTripViewController.xib in Resources */,
				CDD0140C1F7C7D1200DD1940 /* Assets.xcassets in Resources */,
				CDDB27F01F7DFC160077D603 /* CountryPickerTableViewCell.xib in Resources */,
				CDD0140A1F7C7D1200DD1940 /* Main.storyboard in Resources */,
			);
			runOnlyForDeploymentPostprocessing = 0;
		};
		CDD014131F7C7D1200DD1940 /* Resources */ = {
			isa = PBXResourcesBuildPhase;
			buildActionMask = 2147483647;
			files = (
				CDD014411F7CAA2000DD1940 /* TravelAdvisoryTestData.json in Resources */,
				CDD014381F7C8E0100DD1940 /* CountriesTestData.json in Resources */,
			);
			runOnlyForDeploymentPostprocessing = 0;
		};
/* End PBXResourcesBuildPhase section */

/* Begin PBXSourcesBuildPhase section */
		CDD013FB1F7C7D1200DD1940 /* Sources */ = {
			isa = PBXSourcesBuildPhase;
			buildActionMask = 2147483647;
			files = (
				CDD0142D1F7C861000DD1940 /* Result.swift in Sources */,
				CDD014291F7C848E00DD1940 /* CountriesManager.swift in Sources */,
				CDBC4E651F7DA170001BB077 /* UIColor+Application.swift in Sources */,
				CDD54D6B1F7E769E00D39D33 /* MapSnapshotClient.swift in Sources */,
				CDDB27E51F7DE5D50077D603 /* DatePickerViewController.swift in Sources */,
				CDDB27D31F7DC82B0077D603 /* Trip.swift in Sources */,
				CDDB27DE1F7DD9490077D603 /* AddTripViewController.swift in Sources */,
				CDD014031F7C7D1200DD1940 /* AppDelegate.swift in Sources */,
				CDDB27D91F7DD2A80077D603 /* TripTableViewCell.swift in Sources */,
				CDBC4E6D1F7DACEB001BB077 /* AdvisoriesTableViewController.swift in Sources */,
				CDD54D651F7E6D3E00D39D33 /* AdvisoryDetailViewController.swift in Sources */,
				CD80CA1B1F7F29BF0096A1AC /* VisualEffectTransition.swift in Sources */,
				CD80CA191F7F22B70096A1AC /* UITraitCollection+Application.swift in Sources */,
				CDD0143F1F7CA5A300DD1940 /* TravelAdvisoryClient.swift in Sources */,
				CDD014251F7C7FF900DD1940 /* NetworkActivityIndicatorManager.swift in Sources */,
				CDBC4E6B1F7DA8C0001BB077 /* UITabBarController+StatusBar.swift in Sources */,
				CDD0143D1F7C917F00DD1940 /* TravelAdvisory.swift in Sources */,
				CD16CAD51F7EF6BA00AD8B02 /* UIAlertController+Application.swift in Sources */,
				CDD0142B1F7C84F600DD1940 /* Region.swift in Sources */,
				CDDB27EF1F7DFC160077D603 /* CountryPickerTableViewCell.swift in Sources */,
				CDDB27D51F7DCAC50077D603 /* TripManager.swift in Sources */,
				CDDB27D11F7DC7E80077D603 /* FileStorage.swift in Sources */,
				CDAF1AAF1F7E985A00ADB3DC /* TravelAdvisoryViewModel.swift in Sources */,
				CDDB27E11F7DDF860077D603 /* UITableView+Animations.swift in Sources */,
				CDD014271F7C818600DD1940 /* Webservice.swift in Sources */,
				CDD54D611F7E648000D39D33 /* CountryPickerViewController.swift in Sources */,
				CDBC4E681F7DA58F001BB077 /* TripsTableViewController.swift in Sources */,
				CD16CAD21F7EF60100AD8B02 /* ErrorHandleable.swift in Sources */,
				CD937A1F1F7F503000F745DE /* PinkTriangleView.swift in Sources */,
				CDDB27E81F7DF5100077D603 /* UIView+Application.swift in Sources */,
				CDAF1AB41F7EDD3A00ADB3DC /* AdvisoryTableViewCell.swift in Sources */,
				CDE271EA1F7EF890001715C8 /* AdvisoryDetailEmptyViewController.swift in Sources */,
				CDD54D691F7E709500D39D33 /* ImageClient.swift in Sources */,
				CDBC4E6F1F7DAFCA001BB077 /* Notifications+Application.swift in Sources */,
				CDAF1AB81F7EE69F00ADB3DC /* Country.swift in Sources */,
				CDDB27D71F7DD07D0077D603 /* UIFont+Application.swift in Sources */,
			);
			runOnlyForDeploymentPostprocessing = 0;
		};
		CDD014111F7C7D1200DD1940 /* Sources */ = {
			isa = PBXSourcesBuildPhase;
			buildActionMask = 2147483647;
			files = (
				CDD014321F7C8C9300DD1940 /* CountriesManager.swift in Sources */,
				CDDB27DA1F7DD2F40077D603 /* Notifications+Application.swift in Sources */,
				CDD014361F7C8CD000DD1940 /* CountriesManager+TestData.swift in Sources */,
				CDD014451F7CAA4C00DD1940 /* TravelAdvisory+TestData.swift in Sources */,
				CDD014431F7CAA2B00DD1940 /* TravelAdvisoryClient.swift in Sources */,
				CDAF1AAD1F7E957800ADB3DC /* FileStorage.swift in Sources */,
				CDD014311F7C8C9000DD1940 /* Region.swift in Sources */,
				CDD014301F7C8C8D00DD1940 /* Result.swift in Sources */,
				CDD014331F7C8C9700DD1940 /* Webservice.swift in Sources */,
				CDD0141A1F7C7D1200DD1940 /* Gay_Travel_AdvisoriesTests.swift in Sources */,
				CDD014421F7CAA2700DD1940 /* TravelAdvisory.swift in Sources */,
				CDD014341F7C8C9B00DD1940 /* NetworkActivityIndicatorManager.swift in Sources */,
			);
			runOnlyForDeploymentPostprocessing = 0;
		};
/* End PBXSourcesBuildPhase section */

/* Begin PBXTargetDependency section */
		CDD014171F7C7D1200DD1940 /* PBXTargetDependency */ = {
			isa = PBXTargetDependency;
			target = CDD013FE1F7C7D1200DD1940 /* Gay Travel Advisories */;
			targetProxy = CDD014161F7C7D1200DD1940 /* PBXContainerItemProxy */;
		};
/* End PBXTargetDependency section */

/* Begin PBXVariantGroup section */
		CDD014081F7C7D1200DD1940 /* Main.storyboard */ = {
			isa = PBXVariantGroup;
			children = (
				CDD014091F7C7D1200DD1940 /* Base */,
			);
			name = Main.storyboard;
			sourceTree = "<group>";
		};
		CDD0140D1F7C7D1200DD1940 /* LaunchScreen.storyboard */ = {
			isa = PBXVariantGroup;
			children = (
				CDD0140E1F7C7D1200DD1940 /* Base */,
			);
			name = LaunchScreen.storyboard;
			sourceTree = "<group>";
		};
/* End PBXVariantGroup section */

/* Begin XCBuildConfiguration section */
		CDD0141C1F7C7D1200DD1940 /* Debug */ = {
			isa = XCBuildConfiguration;
			buildSettings = {
				ALWAYS_SEARCH_USER_PATHS = NO;
				CLANG_ANALYZER_NONNULL = YES;
				CLANG_ANALYZER_NUMBER_OBJECT_CONVERSION = YES_AGGRESSIVE;
				CLANG_CXX_LANGUAGE_STANDARD = "gnu++0x";
				CLANG_CXX_LIBRARY = "libc++";
				CLANG_ENABLE_MODULES = YES;
				CLANG_ENABLE_OBJC_ARC = YES;
				CLANG_WARN_BLOCK_CAPTURE_AUTORELEASING = YES;
				CLANG_WARN_BOOL_CONVERSION = YES;
				CLANG_WARN_COMMA = YES;
				CLANG_WARN_CONSTANT_CONVERSION = YES;
				CLANG_WARN_DIRECT_OBJC_ISA_USAGE = YES_ERROR;
				CLANG_WARN_DOCUMENTATION_COMMENTS = YES;
				CLANG_WARN_EMPTY_BODY = YES;
				CLANG_WARN_ENUM_CONVERSION = YES;
				CLANG_WARN_INFINITE_RECURSION = YES;
				CLANG_WARN_INT_CONVERSION = YES;
				CLANG_WARN_NON_LITERAL_NULL_CONVERSION = YES;
				CLANG_WARN_OBJC_LITERAL_CONVERSION = YES;
				CLANG_WARN_OBJC_ROOT_CLASS = YES_ERROR;
				CLANG_WARN_RANGE_LOOP_ANALYSIS = YES;
				CLANG_WARN_STRICT_PROTOTYPES = YES;
				CLANG_WARN_SUSPICIOUS_MOVE = YES;
				CLANG_WARN_UNREACHABLE_CODE = YES;
				CLANG_WARN__DUPLICATE_METHOD_MATCH = YES;
				"CODE_SIGN_IDENTITY[sdk=iphoneos*]" = "iPhone Developer";
				COPY_PHASE_STRIP = NO;
				DEBUG_INFORMATION_FORMAT = dwarf;
				ENABLE_STRICT_OBJC_MSGSEND = YES;
				ENABLE_TESTABILITY = YES;
				GCC_C_LANGUAGE_STANDARD = gnu99;
				GCC_DYNAMIC_NO_PIC = NO;
				GCC_NO_COMMON_BLOCKS = YES;
				GCC_OPTIMIZATION_LEVEL = 0;
				GCC_PREPROCESSOR_DEFINITIONS = (
					"DEBUG=1",
					"$(inherited)",
				);
				GCC_WARN_64_TO_32_BIT_CONVERSION = YES;
				GCC_WARN_ABOUT_RETURN_TYPE = YES_ERROR;
				GCC_WARN_UNDECLARED_SELECTOR = YES;
				GCC_WARN_UNINITIALIZED_AUTOS = YES_AGGRESSIVE;
				GCC_WARN_UNUSED_FUNCTION = YES;
				GCC_WARN_UNUSED_VARIABLE = YES;
				IPHONEOS_DEPLOYMENT_TARGET = 10.3;
				MTL_ENABLE_DEBUG_INFO = YES;
				ONLY_ACTIVE_ARCH = YES;
				SDKROOT = iphoneos;
				SWIFT_ACTIVE_COMPILATION_CONDITIONS = DEBUG;
				SWIFT_OPTIMIZATION_LEVEL = "-Onone";
				TARGETED_DEVICE_FAMILY = "1,2";
			};
			name = Debug;
		};
		CDD0141D1F7C7D1200DD1940 /* Release */ = {
			isa = XCBuildConfiguration;
			buildSettings = {
				ALWAYS_SEARCH_USER_PATHS = NO;
				CLANG_ANALYZER_NONNULL = YES;
				CLANG_ANALYZER_NUMBER_OBJECT_CONVERSION = YES_AGGRESSIVE;
				CLANG_CXX_LANGUAGE_STANDARD = "gnu++0x";
				CLANG_CXX_LIBRARY = "libc++";
				CLANG_ENABLE_MODULES = YES;
				CLANG_ENABLE_OBJC_ARC = YES;
				CLANG_WARN_BLOCK_CAPTURE_AUTORELEASING = YES;
				CLANG_WARN_BOOL_CONVERSION = YES;
				CLANG_WARN_COMMA = YES;
				CLANG_WARN_CONSTANT_CONVERSION = YES;
				CLANG_WARN_DIRECT_OBJC_ISA_USAGE = YES_ERROR;
				CLANG_WARN_DOCUMENTATION_COMMENTS = YES;
				CLANG_WARN_EMPTY_BODY = YES;
				CLANG_WARN_ENUM_CONVERSION = YES;
				CLANG_WARN_INFINITE_RECURSION = YES;
				CLANG_WARN_INT_CONVERSION = YES;
				CLANG_WARN_NON_LITERAL_NULL_CONVERSION = YES;
				CLANG_WARN_OBJC_LITERAL_CONVERSION = YES;
				CLANG_WARN_OBJC_ROOT_CLASS = YES_ERROR;
				CLANG_WARN_RANGE_LOOP_ANALYSIS = YES;
				CLANG_WARN_STRICT_PROTOTYPES = YES;
				CLANG_WARN_SUSPICIOUS_MOVE = YES;
				CLANG_WARN_UNREACHABLE_CODE = YES;
				CLANG_WARN__DUPLICATE_METHOD_MATCH = YES;
				"CODE_SIGN_IDENTITY[sdk=iphoneos*]" = "iPhone Developer";
				COPY_PHASE_STRIP = NO;
				DEBUG_INFORMATION_FORMAT = "dwarf-with-dsym";
				ENABLE_NS_ASSERTIONS = NO;
				ENABLE_STRICT_OBJC_MSGSEND = YES;
				GCC_C_LANGUAGE_STANDARD = gnu99;
				GCC_NO_COMMON_BLOCKS = YES;
				GCC_WARN_64_TO_32_BIT_CONVERSION = YES;
				GCC_WARN_ABOUT_RETURN_TYPE = YES_ERROR;
				GCC_WARN_UNDECLARED_SELECTOR = YES;
				GCC_WARN_UNINITIALIZED_AUTOS = YES_AGGRESSIVE;
				GCC_WARN_UNUSED_FUNCTION = YES;
				GCC_WARN_UNUSED_VARIABLE = YES;
				IPHONEOS_DEPLOYMENT_TARGET = 10.3;
				MTL_ENABLE_DEBUG_INFO = NO;
				SDKROOT = iphoneos;
				SWIFT_OPTIMIZATION_LEVEL = "-Owholemodule";
				TARGETED_DEVICE_FAMILY = "1,2";
				VALIDATE_PRODUCT = YES;
			};
			name = Release;
		};
		CDD0141F1F7C7D1200DD1940 /* Debug */ = {
			isa = XCBuildConfiguration;
			buildSettings = {
				ASSETCATALOG_COMPILER_APPICON_NAME = AppIcon;
				DEVELOPMENT_TEAM = 8DDUQH2RUD;
				INFOPLIST_FILE = "Gay Travel Advisories/Info.plist";
				IPHONEOS_DEPLOYMENT_TARGET = 10.0;
				LD_RUNPATH_SEARCH_PATHS = "$(inherited) @executable_path/Frameworks";
				PRODUCT_BUNDLE_IDENTIFIER = "bradgayman.Gay-Travel-Advisories";
				PRODUCT_NAME = "$(TARGET_NAME)";
				SWIFT_VERSION = 4.0;
			};
			name = Debug;
		};
		CDD014201F7C7D1200DD1940 /* Release */ = {
			isa = XCBuildConfiguration;
			buildSettings = {
				ASSETCATALOG_COMPILER_APPICON_NAME = AppIcon;
				DEVELOPMENT_TEAM = 8DDUQH2RUD;
				INFOPLIST_FILE = "Gay Travel Advisories/Info.plist";
				IPHONEOS_DEPLOYMENT_TARGET = 10.0;
				LD_RUNPATH_SEARCH_PATHS = "$(inherited) @executable_path/Frameworks";
				PRODUCT_BUNDLE_IDENTIFIER = "bradgayman.Gay-Travel-Advisories";
				PRODUCT_NAME = "$(TARGET_NAME)";
				SWIFT_VERSION = 4.0;
			};
			name = Release;
		};
		CDD014221F7C7D1200DD1940 /* Debug */ = {
			isa = XCBuildConfiguration;
			buildSettings = {
				ALWAYS_EMBED_SWIFT_STANDARD_LIBRARIES = YES;
				BUNDLE_LOADER = "$(TEST_HOST)";
				DEVELOPMENT_TEAM = 8DDUQH2RUD;
				INFOPLIST_FILE = "Gay Travel AdvisoriesTests/Info.plist";
				LD_RUNPATH_SEARCH_PATHS = "$(inherited) @executable_path/Frameworks @loader_path/Frameworks";
				PRODUCT_BUNDLE_IDENTIFIER = "bradgayman.Gay-Travel-AdvisoriesTests";
				PRODUCT_NAME = "$(TARGET_NAME)";
				SWIFT_VERSION = 4.0;
				TEST_HOST = "$(BUILT_PRODUCTS_DIR)/Gay Travel Advisories.app/Gay Travel Advisories";
			};
			name = Debug;
		};
		CDD014231F7C7D1200DD1940 /* Release */ = {
			isa = XCBuildConfiguration;
			buildSettings = {
				ALWAYS_EMBED_SWIFT_STANDARD_LIBRARIES = YES;
				BUNDLE_LOADER = "$(TEST_HOST)";
				DEVELOPMENT_TEAM = 8DDUQH2RUD;
				INFOPLIST_FILE = "Gay Travel AdvisoriesTests/Info.plist";
				LD_RUNPATH_SEARCH_PATHS = "$(inherited) @executable_path/Frameworks @loader_path/Frameworks";
				PRODUCT_BUNDLE_IDENTIFIER = "bradgayman.Gay-Travel-AdvisoriesTests";
				PRODUCT_NAME = "$(TARGET_NAME)";
				SWIFT_VERSION = 4.0;
				TEST_HOST = "$(BUILT_PRODUCTS_DIR)/Gay Travel Advisories.app/Gay Travel Advisories";
			};
			name = Release;
		};
/* End XCBuildConfiguration section */

/* Begin XCConfigurationList section */
		CDD013FA1F7C7D1200DD1940 /* Build configuration list for PBXProject "Gay Travel Advisories" */ = {
			isa = XCConfigurationList;
			buildConfigurations = (
				CDD0141C1F7C7D1200DD1940 /* Debug */,
				CDD0141D1F7C7D1200DD1940 /* Release */,
			);
			defaultConfigurationIsVisible = 0;
			defaultConfigurationName = Release;
		};
		CDD0141E1F7C7D1200DD1940 /* Build configuration list for PBXNativeTarget "Gay Travel Advisories" */ = {
			isa = XCConfigurationList;
			buildConfigurations = (
				CDD0141F1F7C7D1200DD1940 /* Debug */,
				CDD014201F7C7D1200DD1940 /* Release */,
			);
			defaultConfigurationIsVisible = 0;
			defaultConfigurationName = Release;
		};
		CDD014211F7C7D1200DD1940 /* Build configuration list for PBXNativeTarget "Gay Travel AdvisoriesTests" */ = {
			isa = XCConfigurationList;
			buildConfigurations = (
				CDD014221F7C7D1200DD1940 /* Debug */,
				CDD014231F7C7D1200DD1940 /* Release */,
			);
			defaultConfigurationIsVisible = 0;
			defaultConfigurationName = Release;
		};
/* End XCConfigurationList section */
	};
	rootObject = CDD013F71F7C7D1200DD1940 /* Project object */;
}
